
Microsoft Visual Studio Solution File, Format Version 12.00
# Visual Studio Version 17
VisualStudioVersion = 17.5.2.0
MinimumVisualStudioVersion = 10.0.40219.1
Project("{FAE04EC0-301F-11D3-BF4B-00C04F79EFBC}") = "Almostengr.OpenDataMontgomeryAlGov.ApiClient", "Almostengr.OpenDataMontgomeryAlGov.ApiClient\Almostengr.OpenDataMontgomeryAlGov.ApiClient.csproj", "{78EECABE-28B2-B1E8-6B7A-74CBD08831EC}"
EndProject
Project("{FAE04EC0-301F-11D3-BF4B-00C04F79EFBC}") = "Almostengr.OpenDataMontgomeryAlGov.ApiClient.Tests", "Almostengr.OpenDataMontgomeryAlGov.ApiClient.Tests\Almostengr.OpenDataMontgomeryAlGov.ApiClient.Tests.csproj", "{ECC90D61-7497-4BFE-B6B4-CCB873F634E0}"
EndProject
Project("{FAE04EC0-301F-11D3-BF4B-00C04F79EFBC}") = "Almostengr.OpenDataMontgomeryAlGov.Web", "Almostengr.OpenDataMontgomeryAlGov.Web\Almostengr.OpenDataMontgomeryAlGov.Web.csproj", "{495EF976-7E31-4EBE-81B7-D007406B05B7}"
EndProject
Global
	GlobalSection(SolutionConfigurationPlatforms) = preSolution
		Debug|Any CPU = Debug|Any CPU
		Debug|x64 = Debug|x64
		Debug|x86 = Debug|x86
		Release|Any CPU = Release|Any CPU
		Release|x64 = Release|x64
		Release|x86 = Release|x86
	EndGlobalSection
	GlobalSection(ProjectConfigurationPlatforms) = postSolution
		{78EECABE-28B2-B1E8-6B7A-74CBD08831EC}.Debug|Any CPU.ActiveCfg = Debug|Any CPU
		{78EECABE-28B2-B1E8-6B7A-74CBD08831EC}.Debug|Any CPU.Build.0 = Debug|Any CPU
		{78EECABE-28B2-B1E8-6B7A-74CBD08831EC}.Debug|x64.ActiveCfg = Debug|Any CPU
		{78EECABE-28B2-B1E8-6B7A-74CBD08831EC}.Debug|x64.Build.0 = Debug|Any CPU
		{78EECABE-28B2-B1E8-6B7A-74CBD08831EC}.Debug|x86.ActiveCfg = Debug|Any CPU
		{78EECABE-28B2-B1E8-6B7A-74CBD08831EC}.Debug|x86.Build.0 = Debug|Any CPU
		{78EECABE-28B2-B1E8-6B7A-74CBD08831EC}.Release|Any CPU.ActiveCfg = Release|Any CPU
		{78EECABE-28B2-B1E8-6B7A-74CBD08831EC}.Release|Any CPU.Build.0 = Release|Any CPU
		{78EECABE-28B2-B1E8-6B7A-74CBD08831EC}.Release|x64.ActiveCfg = Release|Any CPU
		{78EECABE-28B2-B1E8-6B7A-74CBD08831EC}.Release|x64.Build.0 = Release|Any CPU
		{78EECABE-28B2-B1E8-6B7A-74CBD08831EC}.Release|x86.ActiveCfg = Release|Any CPU
		{78EECABE-28B2-B1E8-6B7A-74CBD08831EC}.Release|x86.Build.0 = Release|Any CPU
		{ECC90D61-7497-4BFE-B6B4-CCB873F634E0}.Debug|Any CPU.ActiveCfg = Debug|Any CPU
		{ECC90D61-7497-4BFE-B6B4-CCB873F634E0}.Debug|Any CPU.Build.0 = Debug|Any CPU
		{ECC90D61-7497-4BFE-B6B4-CCB873F634E0}.Debug|x64.ActiveCfg = Debug|Any CPU
		{ECC90D61-7497-4BFE-B6B4-CCB873F634E0}.Debug|x64.Build.0 = Debug|Any CPU
		{ECC90D61-7497-4BFE-B6B4-CCB873F634E0}.Debug|x86.ActiveCfg = Debug|Any CPU
		{ECC90D61-7497-4BFE-B6B4-CCB873F634E0}.Debug|x86.Build.0 = Debug|Any CPU
		{ECC90D61-7497-4BFE-B6B4-CCB873F634E0}.Release|Any CPU.ActiveCfg = Release|Any CPU
		{ECC90D61-7497-4BFE-B6B4-CCB873F634E0}.Release|Any CPU.Build.0 = Release|Any CPU
		{ECC90D61-7497-4BFE-B6B4-CCB873F634E0}.Release|x64.ActiveCfg = Release|Any CPU
		{ECC90D61-7497-4BFE-B6B4-CCB873F634E0}.Release|x64.Build.0 = Release|Any CPU
		{ECC90D61-7497-4BFE-B6B4-CCB873F634E0}.Release|x86.ActiveCfg = Release|Any CPU
		{ECC90D61-7497-4BFE-B6B4-CCB873F634E0}.Release|x86.Build.0 = Release|Any CPU
		{495EF976-7E31-4EBE-81B7-D007406B05B7}.Debug|Any CPU.ActiveCfg = Debug|Any CPU
		{495EF976-7E31-4EBE-81B7-D007406B05B7}.Debug|Any CPU.Build.0 = Debug|Any CPU
		{495EF976-7E31-4EBE-81B7-D007406B05B7}.Debug|x64.ActiveCfg = Debug|Any CPU
		{495EF976-7E31-4EBE-81B7-D007406B05B7}.Debug|x64.Build.0 = Debug|Any CPU
		{495EF976-7E31-4EBE-81B7-D007406B05B7}.Debug|x86.ActiveCfg = Debug|Any CPU
		{495EF976-7E31-4EBE-81B7-D007406B05B7}.Debug|x86.Build.0 = Debug|Any CPU
		{495EF976-7E31-4EBE-81B7-D007406B05B7}.Release|Any CPU.ActiveCfg = Release|Any CPU
		{495EF976-7E31-4EBE-81B7-D007406B05B7}.Release|Any CPU.Build.0 = Release|Any CPU
		{495EF976-7E31-4EBE-81B7-D007406B05B7}.Release|x64.ActiveCfg = Release|Any CPU
		{495EF976-7E31-4EBE-81B7-D007406B05B7}.Release|x64.Build.0 = Release|Any CPU
		{495EF976-7E31-4EBE-81B7-D007406B05B7}.Release|x86.ActiveCfg = Release|Any CPU
		{495EF976-7E31-4EBE-81B7-D007406B05B7}.Release|x86.Build.0 = Release|Any CPU
	EndGlobalSection
	GlobalSection(SolutionProperties) = preSolution
		HideSolutionNode = FALSE
	EndGlobalSection
	GlobalSection(ExtensibilityGlobals) = postSolution
		SolutionGuid = {ACEC5304-0666-425A-B8E7-53E53B3CF0D9}
	EndGlobalSection
EndGlobal
